
Microsoft Visual Studio Solution File, Format Version 12.00
# Visual Studio Version 17
VisualStudioVersion = 17.8.34309.116
MinimumVisualStudioVersion = 10.0.40219.1
Project("{FAE04EC0-301F-11D3-BF4B-00C04F79EFBC}") = "BetterInput", "BetterInput.csproj", "{817AE80B-1A84-40FC-B6C0-FF7212678F4B}"
EndProject
Global
	GlobalSection(SolutionConfigurationPlatforms) = preSolution
		Debug|Any CPU = Debug|Any CPU
		Release|Any CPU = Release|Any CPU
	EndGlobalSection
	GlobalSection(ProjectConfigurationPlatforms) = postSolution
		{817AE80B-1A84-40FC-B6C0-FF7212678F4B}.Debug|Any CPU.ActiveCfg = Debug|Any CPU
		{817AE80B-1A84-40FC-B6C0-FF7212678F4B}.Debug|Any CPU.Build.0 = Debug|Any CPU
		{817AE80B-1A84-40FC-B6C0-FF7212678F4B}.Release|Any CPU.ActiveCfg = Release|Any CPU
		{817AE80B-1A84-40FC-B6C0-FF7212678F4B}.Release|Any CPU.Build.0 = Release|Any CPU
	EndGlobalSection
	GlobalSection(SolutionProperties) = preSolution
		HideSolutionNode = FALSE
	EndGlobalSection
	GlobalSection(ExtensibilityGlobals) = postSolution
		SolutionGuid = {3C79E9C7-2D6A-46BD-848A-D1F09492034D}
	EndGlobalSection
EndGlobal
